<?xml version="1.0" encoding="utf-8"?>
<Project ToolsVersion="4.0" xmlns="http://schemas.microsoft.com/developer/msbuild/2003">
  <ItemGroup>
    <None Include="packages.config" />
  </ItemGroup>
  <ItemGroup>
    <Filter Include="async">
      <UniqueIdentifier>{d2994bc3-d1fb-4dc2-afe4-8ffbda0db81b}</UniqueIdentifier>
    </Filter>
    <Filter Include="server">
      <UniqueIdentifier>{38fae30b-aeda-49ad-9fb7-0b95feb96a0f}</UniqueIdentifier>
    </Filter>
    <Filter Include="windows">
      <UniqueIdentifier>{2f83865c-85b2-48ab-bf62-297b4a648687}</UniqueIdentifier>
    </Filter>
    <Filter Include="transport">
      <UniqueIdentifier>{614ca0e5-7607-4402-b929-c26026bc6a74}</UniqueIdentifier>
    </Filter>
  </ItemGroup>
  <ItemGroup>
    <ClInclude Include="src\thrift\windows\config.h">
      <Filter>windows</Filter>
    </ClInclude>
    <ClInclude Include="src\thrift\transport\TNonblockingServerSocket.h">
      <Filter>transport</Filter>
    </ClInclude>
    <ClInclude Include="src\thrift\transport\TNonblockingServerTransport.h">
      <Filter>transport</Filter>
    </ClInclude>
    <ClInclude Include="src\thrift\transport\TNonblockingSSLServerSocket.h">
      <Filter>transport</Filter>
    </ClInclude>
    <ClInclude Include="src\thrift\server\TNonblockingServer.h">
      <Filter>server</Filter>
    </ClInclude>
    <ClInclude Include="src\thrift\async\TAsyncProtocolProcessor.h">
      <Filter>async</Filter>
    </ClInclude>
    <ClInclude Include="src\thrift\async\TEvhttpClientChannel.h">
      <Filter>async</Filter>
    </ClInclude>
    <ClInclude Include="src\thrift\async\TEvhttpServer.h">
      <Filter>async</Filter>
    </ClInclude>
  </ItemGroup>
  <ItemGroup>
    <ClCompile Include="src\thrift\transport\TNonblockingServerSocket.cpp">
      <Filter>transport</Filter>
    </ClCompile>
    <ClCompile Include="src\thrift\transport\TNonblockingSSLServerSocket.cpp">
      <Filter>transport</Filter>
    </ClCompile>
    <ClCompile Include="src\thrift\server\TNonblockingServer.cpp">
      <Filter>server</Filter>
    </ClCompile>
    <ClCompile Include="src\thrift\async\TAsyncProtocolProcessor.cpp">
      <Filter>async</Filter>
    </ClCompile>
    <ClCompile Include="src\thrift\async\TEvhttpClientChannel.cpp">
      <Filter>async</Filter>
    </ClCompile>
    <ClCompile Include="src\thrift\async\TEvhttpServer.cpp">
      <Filter>async</Filter>
    </ClCompile>
  </ItemGroup>
</Project>