
Microsoft Visual Studio Solution File, Format Version 12.00
# Visual Studio 15
VisualStudioVersion = 15.0.27428.2037
MinimumVisualStudioVersion = 10.0.40219.1
Project("{8BC9CEB8-8B4A-11D0-8D11-00A0C91BC942}") = "libthrift", "libthrift.vcxproj", "{3FEBB752-2288-45CC-AAF8-7802D7438CE3}"
EndProject
Project("{8BC9CEB8-8B4A-11D0-8D11-00A0C91BC942}") = "libthriftnb", "libthriftnb.vcxproj", "{500F4DD9-BC96-416A-8F3D-9AFEE035342A}"
EndProject
Global
	GlobalSection(SolutionConfigurationPlatforms) = preSolution
		Debug|x64 = Debug|x64
		Debug|x86 = Debug|x86
		Release|x64 = Release|x64
		Release|x86 = Release|x86
	EndGlobalSection
	GlobalSection(ProjectConfigurationPlatforms) = postSolution
		{3FEBB752-2288-45CC-AAF8-7802D7438CE3}.Debug|x64.ActiveCfg = Debug|x64
		{3FEBB752-2288-45CC-AAF8-7802D7438CE3}.Debug|x64.Build.0 = Debug|x64
		{3FEBB752-2288-45CC-AAF8-7802D7438CE3}.Debug|x86.ActiveCfg = Debug|Win32
		{3FEBB752-2288-45CC-AAF8-7802D7438CE3}.Debug|x86.Build.0 = Debug|Win32
		{3FEBB752-2288-45CC-AAF8-7802D7438CE3}.Release|x64.ActiveCfg = Release|x64
		{3FEBB752-2288-45CC-AAF8-7802D7438CE3}.Release|x64.Build.0 = Release|x64
		{3FEBB752-2288-45CC-AAF8-7802D7438CE3}.Release|x86.ActiveCfg = Release|Win32
		{3FEBB752-2288-45CC-AAF8-7802D7438CE3}.Release|x86.Build.0 = Release|Win32
		{500F4DD9-BC96-416A-8F3D-9AFEE035342A}.Debug|x64.ActiveCfg = Debug|x64
		{500F4DD9-BC96-416A-8F3D-9AFEE035342A}.Debug|x64.Build.0 = Debug|x64
		{500F4DD9-BC96-416A-8F3D-9AFEE035342A}.Debug|x86.ActiveCfg = Debug|Win32
		{500F4DD9-BC96-416A-8F3D-9AFEE035342A}.Debug|x86.Build.0 = Debug|Win32
		{500F4DD9-BC96-416A-8F3D-9AFEE035342A}.Release|x64.ActiveCfg = Release|x64
		{500F4DD9-BC96-416A-8F3D-9AFEE035342A}.Release|x64.Build.0 = Release|x64
		{500F4DD9-BC96-416A-8F3D-9AFEE035342A}.Release|x86.ActiveCfg = Release|Win32
		{500F4DD9-BC96-416A-8F3D-9AFEE035342A}.Release|x86.Build.0 = Release|Win32
	EndGlobalSection
	GlobalSection(SolutionProperties) = preSolution
		HideSolutionNode = FALSE
	EndGlobalSection
	GlobalSection(ExtensibilityGlobals) = postSolution
		SolutionGuid = {BA68D7EE-C4C4-46B9-8079-2067492E8F17}
	EndGlobalSection
EndGlobal
